// !$*UTF8*$!
{
	archiveVersion = 1;
	classes = {
	};
	objectVersion = 50;
	objects = {

/* Begin PBXBuildFile section */
		3519EFF725B560D4001FE7B6 /* AppDelegate.swift in Sources */ = {isa = PBXBuildFile; fileRef = 3519EFF625B560D4001FE7B6 /* AppDelegate.swift */; };
		3519EFF925B560D4001FE7B6 /* SceneDelegate.swift in Sources */ = {isa = PBXBuildFile; fileRef = 3519EFF825B560D4001FE7B6 /* SceneDelegate.swift */; };
		3519EFFB25B560D4001FE7B6 /* ViewController.swift in Sources */ = {isa = PBXBuildFile; fileRef = 3519EFFA25B560D4001FE7B6 /* ViewController.swift */; };
		3519EFFE25B560D4001FE7B6 /* Main.storyboard in Resources */ = {isa = PBXBuildFile; fileRef = 3519EFFC25B560D4001FE7B6 /* Main.storyboard */; };
		3519F00025B560D5001FE7B6 /* Assets.xcassets in Resources */ = {isa = PBXBuildFile; fileRef = 3519EFFF25B560D5001FE7B6 /* Assets.xcassets */; };
		3519F00325B560D5001FE7B6 /* LaunchScreen.storyboard in Resources */ = {isa = PBXBuildFile; fileRef = 3519F00125B560D5001FE7B6 /* LaunchScreen.storyboard */; };
		35274EB125D0F0D600174418 /* SoundModel.swift in Sources */ = {isa = PBXBuildFile; fileRef = 35274EB025D0F0D600174418 /* SoundModel.swift */; };
		35274EB425D0F16700174418 /* SoundDB.swift in Sources */ = {isa = PBXBuildFile; fileRef = 35274EB325D0F16700174418 /* SoundDB.swift */; };
		35274EBB25D0F27E00174418 /* Constants.swift in Sources */ = {isa = PBXBuildFile; fileRef = 35274EBA25D0F27E00174418 /* Constants.swift */; };
		35274EC425D0FADB00174418 /* SoundManager.swift in Sources */ = {isa = PBXBuildFile; fileRef = 35274EC325D0FADB00174418 /* SoundManager.swift */; };
		35274ECD25D106A600174418 /* x-ray.mp3 in Resources */ = {isa = PBXBuildFile; fileRef = 35274EC825D106A600174418 /* x-ray.mp3 */; };
		35274ECE25D106A600174418 /* 소방벨.mp3 in Resources */ = {isa = PBXBuildFile; fileRef = 35274EC925D106A600174418 /* 소방벨.mp3 */; };
		35274ECF25D106A600174418 /* 응급실.mp3 in Resources */ = {isa = PBXBuildFile; fileRef = 35274ECA25D106A600174418 /* 응급실.mp3 */; };
		35274ED025D106A600174418 /* 복싱벨.mp3 in Resources */ = {isa = PBXBuildFile; fileRef = 35274ECB25D106A600174418 /* 복싱벨.mp3 */; };
		35274ED125D106A600174418 /* 성당종.mp3 in Resources */ = {isa = PBXBuildFile; fileRef = 35274ECC25D106A600174418 /* 성당종.mp3 */; };
		35784EDE25C3F25C0082665E /* MissionViewController.swift in Sources */ = {isa = PBXBuildFile; fileRef = 35784EDD25C3F25C0082665E /* MissionViewController.swift */; };
		3579E4D825B68FC6006BB90F /* ClockModel.swift in Sources */ = {isa = PBXBuildFile; fileRef = 3579E4D725B68FC6006BB90F /* ClockModel.swift */; };
		3579E4DB25B691DF006BB90F /* WeekView.swift in Sources */ = {isa = PBXBuildFile; fileRef = 3579E4DA25B691DF006BB90F /* WeekView.swift */; };
		3579E4E525B7F5AF006BB90F /* ClockCell.swift in Sources */ = {isa = PBXBuildFile; fileRef = 3579E4E425B7F5AF006BB90F /* ClockCell.swift */; };
		3579E4E925B81C9B006BB90F /* ClockDetailViewController.swift in Sources */ = {isa = PBXBuildFile; fileRef = 3579E4E825B81C9B006BB90F /* ClockDetailViewController.swift */; };
		35BB14CD25CD1ED90062BCDF /* AlarmSchedulerDelegate.swift in Sources */ = {isa = PBXBuildFile; fileRef = 35BB14CC25CD1ED90062BCDF /* AlarmSchedulerDelegate.swift */; };
		35BB14D025CD1F7D0062BCDF /* Scheduler.swift in Sources */ = {isa = PBXBuildFile; fileRef = 35BB14CF25CD1F7D0062BCDF /* Scheduler.swift */; };
		35BFD58B25C3C39300B291C4 /* MediaViewController.swift in Sources */ = {isa = PBXBuildFile; fileRef = 35BFD58A25C3C39300B291C4 /* MediaViewController.swift */; };
/* End PBXBuildFile section */

/* Begin PBXFileReference section */
		3519EFF325B560D4001FE7B6 /* Mission_Clock.app */ = {isa = PBXFileReference; explicitFileType = wrapper.application; includeInIndex = 0; path = Mission_Clock.app; sourceTree = BUILT_PRODUCTS_DIR; };
		3519EFF625B560D4001FE7B6 /* AppDelegate.swift */ = {isa = PBXFileReference; lastKnownFileType = sourcecode.swift; path = AppDelegate.swift; sourceTree = "<group>"; };
		3519EFF825B560D4001FE7B6 /* SceneDelegate.swift */ = {isa = PBXFileReference; lastKnownFileType = sourcecode.swift; path = SceneDelegate.swift; sourceTree = "<group>"; };
		3519EFFA25B560D4001FE7B6 /* ViewController.swift */ = {isa = PBXFileReference; lastKnownFileType = sourcecode.swift; path = ViewController.swift; sourceTree = "<group>"; };
		3519EFFD25B560D4001FE7B6 /* Base */ = {isa = PBXFileReference; lastKnownFileType = file.storyboard; name = Base; path = Base.lproj/Main.storyboard; sourceTree = "<group>"; };
		3519EFFF25B560D5001FE7B6 /* Assets.xcassets */ = {isa = PBXFileReference; lastKnownFileType = folder.assetcatalog; path = Assets.xcassets; sourceTree = "<group>"; };
		3519F00225B560D5001FE7B6 /* Base */ = {isa = PBXFileReference; lastKnownFileType = file.storyboard; name = Base; path = Base.lproj/LaunchScreen.storyboard; sourceTree = "<group>"; };
		3519F00425B560D5001FE7B6 /* Info.plist */ = {isa = PBXFileReference; lastKnownFileType = text.plist.xml; path = Info.plist; sourceTree = "<group>"; };
		35274EB025D0F0D600174418 /* SoundModel.swift */ = {isa = PBXFileReference; lastKnownFileType = sourcecode.swift; path = SoundModel.swift; sourceTree = "<group>"; };
		35274EB325D0F16700174418 /* SoundDB.swift */ = {isa = PBXFileReference; lastKnownFileType = sourcecode.swift; path = SoundDB.swift; sourceTree = "<group>"; };
		35274EBA25D0F27E00174418 /* Constants.swift */ = {isa = PBXFileReference; lastKnownFileType = sourcecode.swift; path = Constants.swift; sourceTree = "<group>"; };
		35274EC325D0FADB00174418 /* SoundManager.swift */ = {isa = PBXFileReference; lastKnownFileType = sourcecode.swift; path = SoundManager.swift; sourceTree = "<group>"; };
		35274EC825D106A600174418 /* x-ray.mp3 */ = {isa = PBXFileReference; lastKnownFileType = audio.mp3; path = "x-ray.mp3"; sourceTree = "<group>"; };
		35274EC925D106A600174418 /* 소방벨.mp3 */ = {isa = PBXFileReference; lastKnownFileType = audio.mp3; path = "소방벨.mp3"; sourceTree = "<group>"; };
		35274ECA25D106A600174418 /* 응급실.mp3 */ = {isa = PBXFileReference; lastKnownFileType = audio.mp3; path = "응급실.mp3"; sourceTree = "<group>"; };
		35274ECB25D106A600174418 /* 복싱벨.mp3 */ = {isa = PBXFileReference; lastKnownFileType = audio.mp3; path = "복싱벨.mp3"; sourceTree = "<group>"; };
		35274ECC25D106A600174418 /* 성당종.mp3 */ = {isa = PBXFileReference; lastKnownFileType = audio.mp3; path = "성당종.mp3"; sourceTree = "<group>"; };
		35784EDD25C3F25C0082665E /* MissionViewController.swift */ = {isa = PBXFileReference; lastKnownFileType = sourcecode.swift; path = MissionViewController.swift; sourceTree = "<group>"; };
		3579E4D725B68FC6006BB90F /* ClockModel.swift */ = {isa = PBXFileReference; lastKnownFileType = sourcecode.swift; path = ClockModel.swift; sourceTree = "<group>"; };
		3579E4DA25B691DF006BB90F /* WeekView.swift */ = {isa = PBXFileReference; lastKnownFileType = sourcecode.swift; path = WeekView.swift; sourceTree = "<group>"; };
		3579E4E425B7F5AF006BB90F /* ClockCell.swift */ = {isa = PBXFileReference; lastKnownFileType = sourcecode.swift; path = ClockCell.swift; sourceTree = "<group>"; };
		3579E4E825B81C9B006BB90F /* ClockDetailViewController.swift */ = {isa = PBXFileReference; lastKnownFileType = sourcecode.swift; path = ClockDetailViewController.swift; sourceTree = "<group>"; };
		35BB14CC25CD1ED90062BCDF /* AlarmSchedulerDelegate.swift */ = {isa = PBXFileReference; lastKnownFileType = sourcecode.swift; path = AlarmSchedulerDelegate.swift; sourceTree = "<group>"; };
		35BB14CF25CD1F7D0062BCDF /* Scheduler.swift */ = {isa = PBXFileReference; lastKnownFileType = sourcecode.swift; path = Scheduler.swift; sourceTree = "<group>"; };
		35BFD58A25C3C39300B291C4 /* MediaViewController.swift */ = {isa = PBXFileReference; lastKnownFileType = sourcecode.swift; path = MediaViewController.swift; sourceTree = "<group>"; };
/* End PBXFileReference section */

/* Begin PBXFrameworksBuildPhase section */
		3519EFF025B560D4001FE7B6 /* Frameworks */ = {
			isa = PBXFrameworksBuildPhase;
			buildActionMask = 2147483647;
			files = (
			);
			runOnlyForDeploymentPostprocessing = 0;
		};
/* End PBXFrameworksBuildPhase section */

/* Begin PBXGroup section */
		3519EFEA25B560D4001FE7B6 = {
			isa = PBXGroup;
			children = (
				3519EFF525B560D4001FE7B6 /* Mission_Clock */,
				3519EFF425B560D4001FE7B6 /* Products */,
			);
			sourceTree = "<group>";
		};
		3519EFF425B560D4001FE7B6 /* Products */ = {
			isa = PBXGroup;
			children = (
				3519EFF325B560D4001FE7B6 /* Mission_Clock.app */,
			);
			name = Products;
			sourceTree = "<group>";
		};
		3519EFF525B560D4001FE7B6 /* Mission_Clock */ = {
			isa = PBXGroup;
			children = (
				35784EE125C3FE2B0082665E /* MissionAram */,
				35784EE225C3FE4A0082665E /* Model */,
				35784EE025C3FDFF0082665E /* Controller */,
				35274EBD25D0FA9F00174418 /* Managers */,
				35274ED425D10A6600174418 /* Storyboards */,
				35274EC625D1067A00174418 /* Resourse */,
				3579E4E425B7F5AF006BB90F /* ClockCell.swift */,
				3579E4DA25B691DF006BB90F /* WeekView.swift */,
				3519EFFF25B560D5001FE7B6 /* Assets.xcassets */,
				3519F00125B560D5001FE7B6 /* LaunchScreen.storyboard */,
				3519F00425B560D5001FE7B6 /* Info.plist */,
				35BB14CC25CD1ED90062BCDF /* AlarmSchedulerDelegate.swift */,
				35BB14CF25CD1F7D0062BCDF /* Scheduler.swift */,
			);
			path = Mission_Clock;
			sourceTree = "<group>";
		};
		35274EBD25D0FA9F00174418 /* Managers */ = {
			isa = PBXGroup;
			children = (
				35274EC325D0FADB00174418 /* SoundManager.swift */,
			);
			path = Managers;
			sourceTree = "<group>";
		};
		35274EC625D1067A00174418 /* Resourse */ = {
			isa = PBXGroup;
			children = (
				35274EC725D1069B00174418 /* Sounds */,
			);
			path = Resourse;
			sourceTree = "<group>";
		};
		35274EC725D1069B00174418 /* Sounds */ = {
			isa = PBXGroup;
			children = (
				35274ECB25D106A600174418 /* 복싱벨.mp3 */,
				35274ECC25D106A600174418 /* 성당종.mp3 */,
				35274EC925D106A600174418 /* 소방벨.mp3 */,
				35274ECA25D106A600174418 /* 응급실.mp3 */,
				35274EC825D106A600174418 /* x-ray.mp3 */,
			);
			path = Sounds;
			sourceTree = "<group>";
		};
		35274ED425D10A6600174418 /* Storyboards */ = {
			isa = PBXGroup;
			children = (
				3519EFFC25B560D4001FE7B6 /* Main.storyboard */,
			);
			path = Storyboards;
			sourceTree = "<group>";
		};
		35784EE025C3FDFF0082665E /* Controller */ = {
			isa = PBXGroup;
			children = (
				35784EDD25C3F25C0082665E /* MissionViewController.swift */,
				35BFD58A25C3C39300B291C4 /* MediaViewController.swift */,
				3579E4E825B81C9B006BB90F /* ClockDetailViewController.swift */,
				3519EFFA25B560D4001FE7B6 /* ViewController.swift */,
			);
			path = Controller;
			sourceTree = "<group>";
		};
		35784EE125C3FE2B0082665E /* MissionAram */ = {
			isa = PBXGroup;
			children = (
				3519EFF625B560D4001FE7B6 /* AppDelegate.swift */,
				3519EFF825B560D4001FE7B6 /* SceneDelegate.swift */,
				35274EBA25D0F27E00174418 /* Constants.swift */,
			);
			path = MissionAram;
			sourceTree = "<group>";
		};
		35784EE225C3FE4A0082665E /* Model */ = {
			isa = PBXGroup;
			children = (
				3579E4D725B68FC6006BB90F /* ClockModel.swift */,
				35274EB025D0F0D600174418 /* SoundModel.swift */,
				35274EB325D0F16700174418 /* SoundDB.swift */,
			);
			path = Model;
			sourceTree = "<group>";
		};
/* End PBXGroup section */

/* Begin PBXNativeTarget section */
		3519EFF225B560D4001FE7B6 /* Mission_Clock */ = {
			isa = PBXNativeTarget;
			buildConfigurationList = 3519F00725B560D5001FE7B6 /* Build configuration list for PBXNativeTarget "Mission_Clock" */;
			buildPhases = (
				3519EFEF25B560D4001FE7B6 /* Sources */,
				3519EFF025B560D4001FE7B6 /* Frameworks */,
				3519EFF125B560D4001FE7B6 /* Resources */,
			);
			buildRules = (
			);
			dependencies = (
			);
			name = Mission_Clock;
			productName = Mission_Clock;
			productReference = 3519EFF325B560D4001FE7B6 /* Mission_Clock.app */;
			productType = "com.apple.product-type.application";
		};
/* End PBXNativeTarget section */

/* Begin PBXProject section */
		3519EFEB25B560D4001FE7B6 /* Project object */ = {
			isa = PBXProject;
			attributes = {
				LastSwiftUpdateCheck = 1230;
				LastUpgradeCheck = 1230;
				TargetAttributes = {
					3519EFF225B560D4001FE7B6 = {
						CreatedOnToolsVersion = 12.3;
					};
				};
			};
			buildConfigurationList = 3519EFEE25B560D4001FE7B6 /* Build configuration list for PBXProject "Mission_Clock" */;
			compatibilityVersion = "Xcode 9.3";
			developmentRegion = en;
			hasScannedForEncodings = 0;
			knownRegions = (
				en,
				Base,
			);
			mainGroup = 3519EFEA25B560D4001FE7B6;
			productRefGroup = 3519EFF425B560D4001FE7B6 /* Products */;
			projectDirPath = "";
			projectRoot = "";
			targets = (
				3519EFF225B560D4001FE7B6 /* Mission_Clock */,
			);
		};
/* End PBXProject section */

/* Begin PBXResourcesBuildPhase section */
		3519EFF125B560D4001FE7B6 /* Resources */ = {
			isa = PBXResourcesBuildPhase;
			buildActionMask = 2147483647;
			files = (
				35274ECF25D106A600174418 /* 응급실.mp3 in Resources */,
				35274ED125D106A600174418 /* 성당종.mp3 in Resources */,
				35274ED025D106A600174418 /* 복싱벨.mp3 in Resources */,
				35274ECE25D106A600174418 /* 소방벨.mp3 in Resources */,
				3519F00325B560D5001FE7B6 /* LaunchScreen.storyboard in Resources */,
				3519F00025B560D5001FE7B6 /* Assets.xcassets in Resources */,
				3519EFFE25B560D4001FE7B6 /* Main.storyboard in Resources */,
				35274ECD25D106A600174418 /* x-ray.mp3 in Resources */,
			);
			runOnlyForDeploymentPostprocessing = 0;
		};
/* End PBXResourcesBuildPhase section */

/* Begin PBXSourcesBuildPhase section */
		3519EFEF25B560D4001FE7B6 /* Sources */ = {
			isa = PBXSourcesBuildPhase;
			buildActionMask = 2147483647;
			files = (
				35BB14D025CD1F7D0062BCDF /* Scheduler.swift in Sources */,
				3579E4D825B68FC6006BB90F /* ClockModel.swift in Sources */,
				3579E4DB25B691DF006BB90F /* WeekView.swift in Sources */,
				35BB14CD25CD1ED90062BCDF /* AlarmSchedulerDelegate.swift in Sources */,
				3579E4E525B7F5AF006BB90F /* ClockCell.swift in Sources */,
				35784EDE25C3F25C0082665E /* MissionViewController.swift in Sources */,
				35BFD58B25C3C39300B291C4 /* MediaViewController.swift in Sources */,
				3579E4E925B81C9B006BB90F /* ClockDetailViewController.swift in Sources */,
				35274EB425D0F16700174418 /* SoundDB.swift in Sources */,
				3519EFFB25B560D4001FE7B6 /* ViewController.swift in Sources */,
				35274EB125D0F0D600174418 /* SoundModel.swift in Sources */,
				35274EBB25D0F27E00174418 /* Constants.swift in Sources */,
				3519EFF725B560D4001FE7B6 /* AppDelegate.swift in Sources */,
				3519EFF925B560D4001FE7B6 /* SceneDelegate.swift in Sources */,
				35274EC425D0FADB00174418 /* SoundManager.swift in Sources */,
			);
			runOnlyForDeploymentPostprocessing = 0;
		};
/* End PBXSourcesBuildPhase section */

/* Begin PBXVariantGroup section */
		3519EFFC25B560D4001FE7B6 /* Main.storyboard */ = {
			isa = PBXVariantGroup;
			children = (
				3519EFFD25B560D4001FE7B6 /* Base */,
			);
			name = Main.storyboard;
			sourceTree = "<group>";
		};
		3519F00125B560D5001FE7B6 /* LaunchScreen.storyboard */ = {
			isa = PBXVariantGroup;
			children = (
				3519F00225B560D5001FE7B6 /* Base */,
			);
			name = LaunchScreen.storyboard;
			sourceTree = "<group>";
		};
/* End PBXVariantGroup section */

/* Begin XCBuildConfiguration section */
		3519F00525B560D5001FE7B6 /* Debug */ = {
			isa = XCBuildConfiguration;
			buildSettings = {
				ALWAYS_SEARCH_USER_PATHS = NO;
				CLANG_ANALYZER_NONNULL = YES;
				CLANG_ANALYZER_NUMBER_OBJECT_CONVERSION = YES_AGGRESSIVE;
				CLANG_CXX_LANGUAGE_STANDARD = "gnu++14";
				CLANG_CXX_LIBRARY = "libc++";
				CLANG_ENABLE_MODULES = YES;
				CLANG_ENABLE_OBJC_ARC = YES;
				CLANG_ENABLE_OBJC_WEAK = YES;
				CLANG_WARN_BLOCK_CAPTURE_AUTORELEASING = YES;
				CLANG_WARN_BOOL_CONVERSION = YES;
				CLANG_WARN_COMMA = YES;
				CLANG_WARN_CONSTANT_CONVERSION = YES;
				CLANG_WARN_DEPRECATED_OBJC_IMPLEMENTATIONS = YES;
				CLANG_WARN_DIRECT_OBJC_ISA_USAGE = YES_ERROR;
				CLANG_WARN_DOCUMENTATION_COMMENTS = YES;
				CLANG_WARN_EMPTY_BODY = YES;
				CLANG_WARN_ENUM_CONVERSION = YES;
				CLANG_WARN_INFINITE_RECURSION = YES;
				CLANG_WARN_INT_CONVERSION = YES;
				CLANG_WARN_NON_LITERAL_NULL_CONVERSION = YES;
				CLANG_WARN_OBJC_IMPLICIT_RETAIN_SELF = YES;
				CLANG_WARN_OBJC_LITERAL_CONVERSION = YES;
				CLANG_WARN_OBJC_ROOT_CLASS = YES_ERROR;
				CLANG_WARN_QUOTED_INCLUDE_IN_FRAMEWORK_HEADER = YES;
				CLANG_WARN_RANGE_LOOP_ANALYSIS = YES;
				CLANG_WARN_STRICT_PROTOTYPES = YES;
				CLANG_WARN_SUSPICIOUS_MOVE = YES;
				CLANG_WARN_UNGUARDED_AVAILABILITY = YES_AGGRESSIVE;
				CLANG_WARN_UNREACHABLE_CODE = YES;
				CLANG_WARN__DUPLICATE_METHOD_MATCH = YES;
				COPY_PHASE_STRIP = NO;
				DEBUG_INFORMATION_FORMAT = dwarf;
				ENABLE_STRICT_OBJC_MSGSEND = YES;
				ENABLE_TESTABILITY = YES;
				GCC_C_LANGUAGE_STANDARD = gnu11;
				GCC_DYNAMIC_NO_PIC = NO;
				GCC_NO_COMMON_BLOCKS = YES;
				GCC_OPTIMIZATION_LEVEL = 0;
				GCC_PREPROCESSOR_DEFINITIONS = (
					"DEBUG=1",
					"$(inherited)",
				);
				GCC_WARN_64_TO_32_BIT_CONVERSION = YES;
				GCC_WARN_ABOUT_RETURN_TYPE = YES_ERROR;
				GCC_WARN_UNDECLARED_SELECTOR = YES;
				GCC_WARN_UNINITIALIZED_AUTOS = YES_AGGRESSIVE;
				GCC_WARN_UNUSED_FUNCTION = YES;
				GCC_WARN_UNUSED_VARIABLE = YES;
				IPHONEOS_DEPLOYMENT_TARGET = 14.3;
				MTL_ENABLE_DEBUG_INFO = INCLUDE_SOURCE;
				MTL_FAST_MATH = YES;
				ONLY_ACTIVE_ARCH = YES;
				SDKROOT = iphoneos;
				SWIFT_ACTIVE_COMPILATION_CONDITIONS = DEBUG;
				SWIFT_OPTIMIZATION_LEVEL = "-Onone";
			};
			name = Debug;
		};
		3519F00625B560D5001FE7B6 /* Release */ = {
			isa = XCBuildConfiguration;
			buildSettings = {
				ALWAYS_SEARCH_USER_PATHS = NO;
				CLANG_ANALYZER_NONNULL = YES;
				CLANG_ANALYZER_NUMBER_OBJECT_CONVERSION = YES_AGGRESSIVE;
				CLANG_CXX_LANGUAGE_STANDARD = "gnu++14";
				CLANG_CXX_LIBRARY = "libc++";
				CLANG_ENABLE_MODULES = YES;
				CLANG_ENABLE_OBJC_ARC = YES;
				CLANG_ENABLE_OBJC_WEAK = YES;
				CLANG_WARN_BLOCK_CAPTURE_AUTORELEASING = YES;
				CLANG_WARN_BOOL_CONVERSION = YES;
				CLANG_WARN_COMMA = YES;
				CLANG_WARN_CONSTANT_CONVERSION = YES;
				CLANG_WARN_DEPRECATED_OBJC_IMPLEMENTATIONS = YES;
				CLANG_WARN_DIRECT_OBJC_ISA_USAGE = YES_ERROR;
				CLANG_WARN_DOCUMENTATION_COMMENTS = YES;
				CLANG_WARN_EMPTY_BODY = YES;
				CLANG_WARN_ENUM_CONVERSION = YES;
				CLANG_WARN_INFINITE_RECURSION = YES;
				CLANG_WARN_INT_CONVERSION = YES;
				CLANG_WARN_NON_LITERAL_NULL_CONVERSION = YES;
				CLANG_WARN_OBJC_IMPLICIT_RETAIN_SELF = YES;
				CLANG_WARN_OBJC_LITERAL_CONVERSION = YES;
				CLANG_WARN_OBJC_ROOT_CLASS = YES_ERROR;
				CLANG_WARN_QUOTED_INCLUDE_IN_FRAMEWORK_HEADER = YES;
				CLANG_WARN_RANGE_LOOP_ANALYSIS = YES;
				CLANG_WARN_STRICT_PROTOTYPES = YES;
				CLANG_WARN_SUSPICIOUS_MOVE = YES;
				CLANG_WARN_UNGUARDED_AVAILABILITY = YES_AGGRESSIVE;
				CLANG_WARN_UNREACHABLE_CODE = YES;
				CLANG_WARN__DUPLICATE_METHOD_MATCH = YES;
				COPY_PHASE_STRIP = NO;
				DEBUG_INFORMATION_FORMAT = "dwarf-with-dsym";
				ENABLE_NS_ASSERTIONS = NO;
				ENABLE_STRICT_OBJC_MSGSEND = YES;
				GCC_C_LANGUAGE_STANDARD = gnu11;
				GCC_NO_COMMON_BLOCKS = YES;
				GCC_WARN_64_TO_32_BIT_CONVERSION = YES;
				GCC_WARN_ABOUT_RETURN_TYPE = YES_ERROR;
				GCC_WARN_UNDECLARED_SELECTOR = YES;
				GCC_WARN_UNINITIALIZED_AUTOS = YES_AGGRESSIVE;
				GCC_WARN_UNUSED_FUNCTION = YES;
				GCC_WARN_UNUSED_VARIABLE = YES;
				IPHONEOS_DEPLOYMENT_TARGET = 14.3;
				MTL_ENABLE_DEBUG_INFO = NO;
				MTL_FAST_MATH = YES;
				SDKROOT = iphoneos;
				SWIFT_COMPILATION_MODE = wholemodule;
				SWIFT_OPTIMIZATION_LEVEL = "-O";
				VALIDATE_PRODUCT = YES;
			};
			name = Release;
		};
		3519F00825B560D5001FE7B6 /* Debug */ = {
			isa = XCBuildConfiguration;
			buildSettings = {
				ASSETCATALOG_COMPILER_APPICON_NAME = AppIcon;
				ASSETCATALOG_COMPILER_GLOBAL_ACCENT_COLOR_NAME = AccentColor;
				CODE_SIGN_STYLE = Automatic;
				DEVELOPMENT_TEAM = RMSZ82KT4D;
				INFOPLIST_FILE = Mission_Clock/Info.plist;
				LD_RUNPATH_SEARCH_PATHS = (
					"$(inherited)",
					"@executable_path/Frameworks",
				);
				PRODUCT_BUNDLE_IDENTIFIER = "com.IOS-Study.Mission-Clock";
				PRODUCT_NAME = "$(TARGET_NAME)";
				SWIFT_VERSION = 5.0;
				TARGETED_DEVICE_FAMILY = "1,2";
			};
			name = Debug;
		};
		3519F00925B560D5001FE7B6 /* Release */ = {
			isa = XCBuildConfiguration;
			buildSettings = {
				ASSETCATALOG_COMPILER_APPICON_NAME = AppIcon;
				ASSETCATALOG_COMPILER_GLOBAL_ACCENT_COLOR_NAME = AccentColor;
				CODE_SIGN_STYLE = Automatic;
				DEVELOPMENT_TEAM = RMSZ82KT4D;
				INFOPLIST_FILE = Mission_Clock/Info.plist;
				LD_RUNPATH_SEARCH_PATHS = (
					"$(inherited)",
					"@executable_path/Frameworks",
				);
				PRODUCT_BUNDLE_IDENTIFIER = "com.IOS-Study.Mission-Clock";
				PRODUCT_NAME = "$(TARGET_NAME)";
				SWIFT_VERSION = 5.0;
				TARGETED_DEVICE_FAMILY = "1,2";
			};
			name = Release;
		};
/* End XCBuildConfiguration section */

/* Begin XCConfigurationList section */
		3519EFEE25B560D4001FE7B6 /* Build configuration list for PBXProject "Mission_Clock" */ = {
			isa = XCConfigurationList;
			buildConfigurations = (
				3519F00525B560D5001FE7B6 /* Debug */,
				3519F00625B560D5001FE7B6 /* Release */,
			);
			defaultConfigurationIsVisible = 0;
			defaultConfigurationName = Release;
		};
		3519F00725B560D5001FE7B6 /* Build configuration list for PBXNativeTarget "Mission_Clock" */ = {
			isa = XCConfigurationList;
			buildConfigurations = (
				3519F00825B560D5001FE7B6 /* Debug */,
				3519F00925B560D5001FE7B6 /* Release */,
			);
			defaultConfigurationIsVisible = 0;
			defaultConfigurationName = Release;
		};
/* End XCConfigurationList section */
	};
	rootObject = 3519EFEB25B560D4001FE7B6 /* Project object */;
}
